
Microsoft Visual Studio Solution File, Format Version 12.00
# Visual Studio Version 16
VisualStudioVersion = 16.0.31515.178
MinimumVisualStudioVersion = 10.0.40219.1
Project("{FAE04EC0-301F-11D3-BF4B-00C04F79EFBC}") = "CadastrodeClientes", "CadastrodeClientes\CadastrodeClientes.csproj", "{09C66B76-F942-49A3-A1D5-E13B9D7D016B}"
EndProject
Global
	GlobalSection(SolutionConfigurationPlatforms) = preSolution
		Debug|Any CPU = Debug|Any CPU
		Release|Any CPU = Release|Any CPU
	EndGlobalSection
	GlobalSection(ProjectConfigurationPlatforms) = postSolution
		{09C66B76-F942-49A3-A1D5-E13B9D7D016B}.Debug|Any CPU.ActiveCfg = Debug|Any CPU
		{09C66B76-F942-49A3-A1D5-E13B9D7D016B}.Debug|Any CPU.Build.0 = Debug|Any CPU
		{09C66B76-F942-49A3-A1D5-E13B9D7D016B}.Release|Any CPU.ActiveCfg = Release|Any CPU
		{09C66B76-F942-49A3-A1D5-E13B9D7D016B}.Release|Any CPU.Build.0 = Release|Any CPU
	EndGlobalSection
	GlobalSection(SolutionProperties) = preSolution
		HideSolutionNode = FALSE
	EndGlobalSection
	GlobalSection(ExtensibilityGlobals) = postSolution
		SolutionGuid = {D6797DF6-FE7B-41A1-BBF0-19D0E9AEAFC8}
	EndGlobalSection
EndGlobal
